
Microsoft Visual Studio Solution File, Format Version 12.00
# Visual Studio 14
VisualStudioVersion = 14.0.22129.1
MinimumVisualStudioVersion = 10.0.40219.1
Project("{FAE04EC0-301F-11D3-BF4B-00C04F79EFBC}") = "LibMeteoPLDotNetSample", "LibMeteoPLDotNetSample\LibMeteoPLDotNetSample.csproj", "{9EC958FA-F38A-4207-AA10-D7ACE48FD66E}"
EndProject
Project("{FAE04EC0-301F-11D3-BF4B-00C04F79EFBC}") = "LibMeteoPLDotNet", "LibMeteoPLDotNet\LibMeteoPLDotNet.csproj", "{5C42B41E-670B-4BF9-BE0D-5AFEAB0AAFBE}"
EndProject
Project("{FAE04EC0-301F-11D3-BF4B-00C04F79EFBC}") = "LibMeteoPLTranslator", "LibMeteoPLTranslator\LibMeteoPLTranslator.csproj", "{C8CB4E46-7B07-4169-A7BC-617FE962D327}"
	ProjectSection(ProjectDependencies) = postProject
		{5C42B41E-670B-4BF9-BE0D-5AFEAB0AAFBE} = {5C42B41E-670B-4BF9-BE0D-5AFEAB0AAFBE}
	EndProjectSection
EndProject
Global
	GlobalSection(SolutionConfigurationPlatforms) = preSolution
		Debug|Any CPU = Debug|Any CPU
		Release|Any CPU = Release|Any CPU
	EndGlobalSection
	GlobalSection(ProjectConfigurationPlatforms) = postSolution
		{9EC958FA-F38A-4207-AA10-D7ACE48FD66E}.Debug|Any CPU.ActiveCfg = Debug|Any CPU
		{9EC958FA-F38A-4207-AA10-D7ACE48FD66E}.Debug|Any CPU.Build.0 = Debug|Any CPU
		{9EC958FA-F38A-4207-AA10-D7ACE48FD66E}.Release|Any CPU.ActiveCfg = Release|Any CPU
		{9EC958FA-F38A-4207-AA10-D7ACE48FD66E}.Release|Any CPU.Build.0 = Release|Any CPU
		{5C42B41E-670B-4BF9-BE0D-5AFEAB0AAFBE}.Debug|Any CPU.ActiveCfg = Debug|Any CPU
		{5C42B41E-670B-4BF9-BE0D-5AFEAB0AAFBE}.Debug|Any CPU.Build.0 = Debug|Any CPU
		{5C42B41E-670B-4BF9-BE0D-5AFEAB0AAFBE}.Release|Any CPU.ActiveCfg = Release|Any CPU
		{5C42B41E-670B-4BF9-BE0D-5AFEAB0AAFBE}.Release|Any CPU.Build.0 = Release|Any CPU
		{C8CB4E46-7B07-4169-A7BC-617FE962D327}.Debug|Any CPU.ActiveCfg = Debug|Any CPU
		{C8CB4E46-7B07-4169-A7BC-617FE962D327}.Debug|Any CPU.Build.0 = Debug|Any CPU
		{C8CB4E46-7B07-4169-A7BC-617FE962D327}.Release|Any CPU.ActiveCfg = Release|Any CPU
		{C8CB4E46-7B07-4169-A7BC-617FE962D327}.Release|Any CPU.Build.0 = Release|Any CPU
	EndGlobalSection
	GlobalSection(SolutionProperties) = preSolution
		HideSolutionNode = FALSE
	EndGlobalSection
EndGlobal
